
Microsoft Visual Studio Solution File, Format Version 12.00
# Visual Studio 15
VisualStudioVersion = 15.0.27428.2002
MinimumVisualStudioVersion = 10.0.40219.1
Project("{FAE04EC0-301F-11D3-BF4B-00C04F79EFBC}") = "WebNote.MVC6", "WebNote.MVC6\WebNote.MVC6.csproj", "{5642790F-42F4-46BF-8094-D9276C0DC266}"
EndProject
Global
	GlobalSection(SolutionConfigurationPlatforms) = preSolution
		Debug|Any CPU = Debug|Any CPU
		Release|Any CPU = Release|Any CPU
	EndGlobalSection
	GlobalSection(ProjectConfigurationPlatforms) = postSolution
		{5642790F-42F4-46BF-8094-D9276C0DC266}.Debug|Any CPU.ActiveCfg = Debug|Any CPU
		{5642790F-42F4-46BF-8094-D9276C0DC266}.Debug|Any CPU.Build.0 = Debug|Any CPU
		{5642790F-42F4-46BF-8094-D9276C0DC266}.Release|Any CPU.ActiveCfg = Release|Any CPU
		{5642790F-42F4-46BF-8094-D9276C0DC266}.Release|Any CPU.Build.0 = Release|Any CPU
	EndGlobalSection
	GlobalSection(SolutionProperties) = preSolution
		HideSolutionNode = FALSE
	EndGlobalSection
	GlobalSection(ExtensibilityGlobals) = postSolution
		SolutionGuid = {547AB972-C4D0-4CAE-8883-9263321A2737}
	EndGlobalSection
EndGlobal
